
Microsoft Visual Studio Solution File, Format Version 12.00
# Visual Studio Version 16
VisualStudioVersion = 16.0.29519.87
MinimumVisualStudioVersion = 10.0.40219.1
Project("{FAE04EC0-301F-11D3-BF4B-00C04F79EFBC}") = "REST_XMLRPC", "REST_XMLRPC\REST_XMLRPC.csproj", "{ECAB665C-1D99-4A15-AD4F-669C2C934FF2}"
EndProject
Project("{FAE04EC0-301F-11D3-BF4B-00C04F79EFBC}") = "SOAP", "SOAP\SOAP.csproj", "{928C6C97-1E45-4E06-BA45-B73A72D4348E}"
EndProject
Global
	GlobalSection(SolutionConfigurationPlatforms) = preSolution
		Debug|Any CPU = Debug|Any CPU
		Release|Any CPU = Release|Any CPU
	EndGlobalSection
	GlobalSection(ProjectConfigurationPlatforms) = postSolution
		{ECAB665C-1D99-4A15-AD4F-669C2C934FF2}.Debug|Any CPU.ActiveCfg = Debug|Any CPU
		{ECAB665C-1D99-4A15-AD4F-669C2C934FF2}.Debug|Any CPU.Build.0 = Debug|Any CPU
		{ECAB665C-1D99-4A15-AD4F-669C2C934FF2}.Release|Any CPU.ActiveCfg = Release|Any CPU
		{ECAB665C-1D99-4A15-AD4F-669C2C934FF2}.Release|Any CPU.Build.0 = Release|Any CPU
		{928C6C97-1E45-4E06-BA45-B73A72D4348E}.Debug|Any CPU.ActiveCfg = Debug|Any CPU
		{928C6C97-1E45-4E06-BA45-B73A72D4348E}.Debug|Any CPU.Build.0 = Debug|Any CPU
		{928C6C97-1E45-4E06-BA45-B73A72D4348E}.Release|Any CPU.ActiveCfg = Release|Any CPU
		{928C6C97-1E45-4E06-BA45-B73A72D4348E}.Release|Any CPU.Build.0 = Release|Any CPU
	EndGlobalSection
	GlobalSection(SolutionProperties) = preSolution
		HideSolutionNode = FALSE
	EndGlobalSection
	GlobalSection(ExtensibilityGlobals) = postSolution
		SolutionGuid = {F120C178-C11C-419B-BFAB-F4619FB2B5C2}
	EndGlobalSection
EndGlobal
